
Microsoft Visual Studio Solution File, Format Version 12.00
# Visual Studio 15
VisualStudioVersion = 15.0.28010.2050
MinimumVisualStudioVersion = 10.0.40219.1
Project("{FAE04EC0-301F-11D3-BF4B-00C04F79EFBC}") = "MiniSpaceInvader", "MiniSpaceInvader\MiniSpaceInvader.csproj", "{95E66653-9951-465D-96D2-CFE4E9F00B23}"
EndProject
Global
	GlobalSection(SolutionConfigurationPlatforms) = preSolution
		Debug|Any CPU = Debug|Any CPU
		Release|Any CPU = Release|Any CPU
	EndGlobalSection
	GlobalSection(ProjectConfigurationPlatforms) = postSolution
		{95E66653-9951-465D-96D2-CFE4E9F00B23}.Debug|Any CPU.ActiveCfg = Debug|Any CPU
		{95E66653-9951-465D-96D2-CFE4E9F00B23}.Debug|Any CPU.Build.0 = Debug|Any CPU
		{95E66653-9951-465D-96D2-CFE4E9F00B23}.Release|Any CPU.ActiveCfg = Release|Any CPU
		{95E66653-9951-465D-96D2-CFE4E9F00B23}.Release|Any CPU.Build.0 = Release|Any CPU
	EndGlobalSection
	GlobalSection(SolutionProperties) = preSolution
		HideSolutionNode = FALSE
	EndGlobalSection
	GlobalSection(ExtensibilityGlobals) = postSolution
		SolutionGuid = {DF4B6778-0875-4847-8B7A-6094A797F49E}
	EndGlobalSection
EndGlobal
